
Microsoft Visual Studio Solution File, Format Version 12.00
# Visual Studio Version 16
VisualStudioVersion = 16.0.29613.14
MinimumVisualStudioVersion = 10.0.40219.1
Project("{FAE04EC0-301F-11D3-BF4B-00C04F79EFBC}") = "FileShredder", "FileShredder\FileShredder.csproj", "{C7B6CDF7-3222-4B4F-8DF5-D26FD088BD54}"
EndProject
Project("{FAE04EC0-301F-11D3-BF4B-00C04F79EFBC}") = "FShredder.Bll", "FShredder.Bll\FShredder.Bll.csproj", "{9A3AD4A3-E1B5-4B82-BCB4-3871325E9F9A}"
EndProject
Global
	GlobalSection(SolutionConfigurationPlatforms) = preSolution
		Debug|Any CPU = Debug|Any CPU
		Release|Any CPU = Release|Any CPU
	EndGlobalSection
	GlobalSection(ProjectConfigurationPlatforms) = postSolution
		{C7B6CDF7-3222-4B4F-8DF5-D26FD088BD54}.Debug|Any CPU.ActiveCfg = Debug|Any CPU
		{C7B6CDF7-3222-4B4F-8DF5-D26FD088BD54}.Debug|Any CPU.Build.0 = Debug|Any CPU
		{C7B6CDF7-3222-4B4F-8DF5-D26FD088BD54}.Release|Any CPU.ActiveCfg = Release|Any CPU
		{C7B6CDF7-3222-4B4F-8DF5-D26FD088BD54}.Release|Any CPU.Build.0 = Release|Any CPU
		{9A3AD4A3-E1B5-4B82-BCB4-3871325E9F9A}.Debug|Any CPU.ActiveCfg = Debug|Any CPU
		{9A3AD4A3-E1B5-4B82-BCB4-3871325E9F9A}.Debug|Any CPU.Build.0 = Debug|Any CPU
		{9A3AD4A3-E1B5-4B82-BCB4-3871325E9F9A}.Release|Any CPU.ActiveCfg = Release|Any CPU
		{9A3AD4A3-E1B5-4B82-BCB4-3871325E9F9A}.Release|Any CPU.Build.0 = Release|Any CPU
	EndGlobalSection
	GlobalSection(SolutionProperties) = preSolution
		HideSolutionNode = FALSE
	EndGlobalSection
	GlobalSection(ExtensibilityGlobals) = postSolution
		SolutionGuid = {FC48127F-76D6-4A98-BBBC-BF329D9266CB}
	EndGlobalSection
EndGlobal
